
Microsoft Visual Studio Solution File, Format Version 12.00
# Visual Studio Version 17
VisualStudioVersion = 17.1.32421.90
MinimumVisualStudioVersion = 10.0.40219.1
Project("{FAE04EC0-301F-11D3-BF4B-00C04F79EFBC}") = "Exercicio_1", "Exercicio_1\Exercicio_1.csproj", "{6C4277A5-F27D-48BF-B15D-7C61F12EC695}"
EndProject
Global
	GlobalSection(SolutionConfigurationPlatforms) = preSolution
		Debug|Any CPU = Debug|Any CPU
		Release|Any CPU = Release|Any CPU
	EndGlobalSection
	GlobalSection(ProjectConfigurationPlatforms) = postSolution
		{6C4277A5-F27D-48BF-B15D-7C61F12EC695}.Debug|Any CPU.ActiveCfg = Debug|Any CPU
		{6C4277A5-F27D-48BF-B15D-7C61F12EC695}.Debug|Any CPU.Build.0 = Debug|Any CPU
		{6C4277A5-F27D-48BF-B15D-7C61F12EC695}.Release|Any CPU.ActiveCfg = Release|Any CPU
		{6C4277A5-F27D-48BF-B15D-7C61F12EC695}.Release|Any CPU.Build.0 = Release|Any CPU
	EndGlobalSection
	GlobalSection(SolutionProperties) = preSolution
		HideSolutionNode = FALSE
	EndGlobalSection
	GlobalSection(ExtensibilityGlobals) = postSolution
		SolutionGuid = {8D0365CC-FE96-476C-86C3-6107B60D29EA}
	EndGlobalSection
EndGlobal
